
Microsoft Visual Studio Solution File, Format Version 12.00
# Visual Studio 15
VisualStudioVersion = 15.0.27130.2010
MinimumVisualStudioVersion = 10.0.40219.1
Project("{888888A0-9F3D-457C-B088-3A5042F75D52}") = "AssetExtracter", "AssetExtracter\AssetExtracter.pyproj", "{98B7B01B-25DF-4684-82EE-E84B6056C6FB}"
EndProject
Global
	GlobalSection(SolutionConfigurationPlatforms) = preSolution
		Debug|Any CPU = Debug|Any CPU
		Release|Any CPU = Release|Any CPU
	EndGlobalSection
	GlobalSection(ProjectConfigurationPlatforms) = postSolution
		{98B7B01B-25DF-4684-82EE-E84B6056C6FB}.Debug|Any CPU.ActiveCfg = Debug|Any CPU
		{98B7B01B-25DF-4684-82EE-E84B6056C6FB}.Release|Any CPU.ActiveCfg = Release|Any CPU
	EndGlobalSection
	GlobalSection(SolutionProperties) = preSolution
		HideSolutionNode = FALSE
	EndGlobalSection
	GlobalSection(ExtensibilityGlobals) = postSolution
		SolutionGuid = {866BEA5F-8D79-4541-B570-B2BD927D984F}
	EndGlobalSection
EndGlobal
